{
  "name": "lit-html-sandbox",
  "version": "0.0.1",
  "lockfileVersion": 1,
  "requires": true,
  "dependencies": {
    "classnames": {
      "version": "2.2.5",
      "resolved": "https://registry.npmjs.org/classnames/-/classnames-2.2.5.tgz",
      "integrity": "sha1-+zgB1FNGdknvNgPH1hoCvRKb3m0=",
      "dev": true
    },
    "lit-html": {
      "version": "0.6.0",
      "resolved": "https://registry.npmjs.org/lit-html/-/lit-html-0.6.0.tgz",
      "integrity": "sha512-H8CmAxZ9kdhiEyrcKNBlFF4pREp5/BKzIPE3EggKISEMT10Ez6WxwR3mzGPUfwgjTX9UQHAzLMtpn4tNkqS5sg==",
      "dev": true
    }
  }
}
